
Microsoft Visual Studio Solution File, Format Version 12.00
# Visual Studio 15
VisualStudioVersion = 15.0.26403.0
MinimumVisualStudioVersion = 10.0.40219.1
Project("{FAE04EC0-301F-11D3-BF4B-00C04F79EFBC}") = "WebApiWithCorsExample", "WebApiWithCorsExample\WebApiWithCorsExample.csproj", "{00C39EAC-CE99-4BFC-94E9-CC3A2EA7A86F}"
EndProject
Project("{FAE04EC0-301F-11D3-BF4B-00C04F79EFBC}") = "WebSiteToCallApi", "WebSiteToCallApi\WebSiteToCallApi.csproj", "{FD5F4894-4386-46A5-AD35-0250A4631E4F}"
EndProject
Project("{FAE04EC0-301F-11D3-BF4B-00C04F79EFBC}") = "RoutingExample", "RoutingExample\RoutingExample.csproj", "{237C49A8-711F-421F-A536-DD1A2ACB083E}"
EndProject
Project("{FAE04EC0-301F-11D3-BF4B-00C04F79EFBC}") = "SessionExample", "SessionExample\SessionExample.csproj", "{7F528825-B2D1-4A96-9CC1-BF2AB5411F29}"
EndProject
Project("{FAE04EC0-301F-11D3-BF4B-00C04F79EFBC}") = "AuthenticationCookie", "AuthenticationCookie\AuthenticationCookie.csproj", "{C8F01B0B-DBC1-4957-B2F4-9668345F1064}"
EndProject
Project("{FAE04EC0-301F-11D3-BF4B-00C04F79EFBC}") = "OpenIdConnect", "OpenIdConnect\OpenIdConnect.csproj", "{058B3F86-4A7B-4135-8531-1125FB83C219}"
EndProject
Project("{FAE04EC0-301F-11D3-BF4B-00C04F79EFBC}") = "IdentityExample", "IdentityExample\IdentityExample.csproj", "{7EA44BE0-BF09-4F6E-9081-FD8493D5C1BB}"
EndProject
Global
	GlobalSection(SolutionConfigurationPlatforms) = preSolution
		Debug|Any CPU = Debug|Any CPU
		Release|Any CPU = Release|Any CPU
	EndGlobalSection
	GlobalSection(ProjectConfigurationPlatforms) = postSolution
		{00C39EAC-CE99-4BFC-94E9-CC3A2EA7A86F}.Debug|Any CPU.ActiveCfg = Debug|Any CPU
		{00C39EAC-CE99-4BFC-94E9-CC3A2EA7A86F}.Debug|Any CPU.Build.0 = Debug|Any CPU
		{00C39EAC-CE99-4BFC-94E9-CC3A2EA7A86F}.Release|Any CPU.ActiveCfg = Release|Any CPU
		{00C39EAC-CE99-4BFC-94E9-CC3A2EA7A86F}.Release|Any CPU.Build.0 = Release|Any CPU
		{FD5F4894-4386-46A5-AD35-0250A4631E4F}.Debug|Any CPU.ActiveCfg = Debug|Any CPU
		{FD5F4894-4386-46A5-AD35-0250A4631E4F}.Debug|Any CPU.Build.0 = Debug|Any CPU
		{FD5F4894-4386-46A5-AD35-0250A4631E4F}.Release|Any CPU.ActiveCfg = Release|Any CPU
		{FD5F4894-4386-46A5-AD35-0250A4631E4F}.Release|Any CPU.Build.0 = Release|Any CPU
		{237C49A8-711F-421F-A536-DD1A2ACB083E}.Debug|Any CPU.ActiveCfg = Debug|Any CPU
		{237C49A8-711F-421F-A536-DD1A2ACB083E}.Debug|Any CPU.Build.0 = Debug|Any CPU
		{237C49A8-711F-421F-A536-DD1A2ACB083E}.Release|Any CPU.ActiveCfg = Release|Any CPU
		{237C49A8-711F-421F-A536-DD1A2ACB083E}.Release|Any CPU.Build.0 = Release|Any CPU
		{7F528825-B2D1-4A96-9CC1-BF2AB5411F29}.Debug|Any CPU.ActiveCfg = Debug|Any CPU
		{7F528825-B2D1-4A96-9CC1-BF2AB5411F29}.Debug|Any CPU.Build.0 = Debug|Any CPU
		{7F528825-B2D1-4A96-9CC1-BF2AB5411F29}.Release|Any CPU.ActiveCfg = Release|Any CPU
		{7F528825-B2D1-4A96-9CC1-BF2AB5411F29}.Release|Any CPU.Build.0 = Release|Any CPU
		{C8F01B0B-DBC1-4957-B2F4-9668345F1064}.Debug|Any CPU.ActiveCfg = Debug|Any CPU
		{C8F01B0B-DBC1-4957-B2F4-9668345F1064}.Debug|Any CPU.Build.0 = Debug|Any CPU
		{C8F01B0B-DBC1-4957-B2F4-9668345F1064}.Release|Any CPU.ActiveCfg = Release|Any CPU
		{C8F01B0B-DBC1-4957-B2F4-9668345F1064}.Release|Any CPU.Build.0 = Release|Any CPU
		{058B3F86-4A7B-4135-8531-1125FB83C219}.Debug|Any CPU.ActiveCfg = Debug|Any CPU
		{058B3F86-4A7B-4135-8531-1125FB83C219}.Debug|Any CPU.Build.0 = Debug|Any CPU
		{058B3F86-4A7B-4135-8531-1125FB83C219}.Release|Any CPU.ActiveCfg = Release|Any CPU
		{058B3F86-4A7B-4135-8531-1125FB83C219}.Release|Any CPU.Build.0 = Release|Any CPU
		{7EA44BE0-BF09-4F6E-9081-FD8493D5C1BB}.Debug|Any CPU.ActiveCfg = Debug|Any CPU
		{7EA44BE0-BF09-4F6E-9081-FD8493D5C1BB}.Debug|Any CPU.Build.0 = Debug|Any CPU
		{7EA44BE0-BF09-4F6E-9081-FD8493D5C1BB}.Release|Any CPU.ActiveCfg = Release|Any CPU
		{7EA44BE0-BF09-4F6E-9081-FD8493D5C1BB}.Release|Any CPU.Build.0 = Release|Any CPU
	EndGlobalSection
	GlobalSection(SolutionProperties) = preSolution
		HideSolutionNode = FALSE
	EndGlobalSection
EndGlobal
